// !$*UTF8*$!
{
	archiveVersion = 1;
	classes = {
	};
	objectVersion = 50;
	objects = {

/* Begin PBXBuildFile section */
		E26B2DBE249208420049DE7C /* InputParametersView.m in Sources */ = {isa = PBXBuildFile; fileRef = E26B2DBD249208420049DE7C /* InputParametersView.m */; };
		E26B2DC324920E8C0049DE7C /* InputStyleCell.m in Sources */ = {isa = PBXBuildFile; fileRef = E26B2DC224920E8C0049DE7C /* InputStyleCell.m */; };
		E2E27548248F68020006D924 /* AppDelegate.m in Sources */ = {isa = PBXBuildFile; fileRef = E2E27547248F68020006D924 /* AppDelegate.m */; };
		E2E2754B248F68020006D924 /* SceneDelegate.m in Sources */ = {isa = PBXBuildFile; fileRef = E2E2754A248F68020006D924 /* SceneDelegate.m */; };
		E2E2754E248F68020006D924 /* ViewController.m in Sources */ = {isa = PBXBuildFile; fileRef = E2E2754D248F68020006D924 /* ViewController.m */; };
		E2E27551248F68020006D924 /* Main.storyboard in Resources */ = {isa = PBXBuildFile; fileRef = E2E2754F248F68020006D924 /* Main.storyboard */; };
		E2E27553248F68040006D924 /* Assets.xcassets in Resources */ = {isa = PBXBuildFile; fileRef = E2E27552248F68040006D924 /* Assets.xcassets */; };
		E2E27556248F68040006D924 /* LaunchScreen.storyboard in Resources */ = {isa = PBXBuildFile; fileRef = E2E27554248F68040006D924 /* LaunchScreen.storyboard */; };
		E2E27559248F68040006D924 /* main.m in Sources */ = {isa = PBXBuildFile; fileRef = E2E27558248F68040006D924 /* main.m */; };
		E2E27563248F68050006D924 /* iOSDrawPathTests.m in Sources */ = {isa = PBXBuildFile; fileRef = E2E27562248F68050006D924 /* iOSDrawPathTests.m */; };
		E2E2756E248F68050006D924 /* iOSDrawPathUITests.m in Sources */ = {isa = PBXBuildFile; fileRef = E2E2756D248F68050006D924 /* iOSDrawPathUITests.m */; };
		E2E2757D248F68640006D924 /* SteeringWheel.m in Sources */ = {isa = PBXBuildFile; fileRef = E2E2757C248F68640006D924 /* SteeringWheel.m */; };
		E2E27599248F6E300006D924 /* NSLayoutConstraint+MASDebugAdditions.m in Sources */ = {isa = PBXBuildFile; fileRef = E2E27580248F6E300006D924 /* NSLayoutConstraint+MASDebugAdditions.m */; };
		E2E2759A248F6E300006D924 /* ViewController+MASAdditions.m in Sources */ = {isa = PBXBuildFile; fileRef = E2E27589248F6E300006D924 /* ViewController+MASAdditions.m */; };
		E2E2759B248F6E300006D924 /* MASCompositeConstraint.m in Sources */ = {isa = PBXBuildFile; fileRef = E2E2758D248F6E300006D924 /* MASCompositeConstraint.m */; };
		E2E2759C248F6E300006D924 /* MASConstraintMaker.m in Sources */ = {isa = PBXBuildFile; fileRef = E2E2758E248F6E300006D924 /* MASConstraintMaker.m */; };
		E2E2759D248F6E300006D924 /* MASLayoutConstraint.m in Sources */ = {isa = PBXBuildFile; fileRef = E2E2758F248F6E300006D924 /* MASLayoutConstraint.m */; };
		E2E2759E248F6E300006D924 /* NSArray+MASAdditions.m in Sources */ = {isa = PBXBuildFile; fileRef = E2E27590248F6E300006D924 /* NSArray+MASAdditions.m */; };
		E2E2759F248F6E300006D924 /* View+MASAdditions.m in Sources */ = {isa = PBXBuildFile; fileRef = E2E27591248F6E300006D924 /* View+MASAdditions.m */; };
		E2E275A0248F6E300006D924 /* MASConstraint.m in Sources */ = {isa = PBXBuildFile; fileRef = E2E27594248F6E300006D924 /* MASConstraint.m */; };
		E2E275A1248F6E300006D924 /* MASViewConstraint.m in Sources */ = {isa = PBXBuildFile; fileRef = E2E27596248F6E300006D924 /* MASViewConstraint.m */; };
		E2E275A2248F6E300006D924 /* MASViewAttribute.m in Sources */ = {isa = PBXBuildFile; fileRef = E2E27597248F6E300006D924 /* MASViewAttribute.m */; };
		E2E275A6248F74F20006D924 /* NSArray+MEME.m in Sources */ = {isa = PBXBuildFile; fileRef = E2E275A4248F74F20006D924 /* NSArray+MEME.m */; };
		E2E275AC248F81530006D924 /* image.png in Resources */ = {isa = PBXBuildFile; fileRef = E2E275AB248F81530006D924 /* image.png */; };
/* End PBXBuildFile section */

/* Begin PBXContainerItemProxy section */
		E2E2755F248F68050006D924 /* PBXContainerItemProxy */ = {
			isa = PBXContainerItemProxy;
			containerPortal = E2E2753B248F68020006D924 /* Project object */;
			proxyType = 1;
			remoteGlobalIDString = E2E27542248F68020006D924;
			remoteInfo = iOSDrawPath;
		};
		E2E2756A248F68050006D924 /* PBXContainerItemProxy */ = {
			isa = PBXContainerItemProxy;
			containerPortal = E2E2753B248F68020006D924 /* Project object */;
			proxyType = 1;
			remoteGlobalIDString = E2E27542248F68020006D924;
			remoteInfo = iOSDrawPath;
		};
/* End PBXContainerItemProxy section */

/* Begin PBXFileReference section */
		E26B2DB92491C0630049DE7C /* iOSDrawPath-Bridging-Header.h */ = {isa = PBXFileReference; lastKnownFileType = sourcecode.c.h; path = "iOSDrawPath-Bridging-Header.h"; sourceTree = "<group>"; };
		E26B2DBC249208420049DE7C /* InputParametersView.h */ = {isa = PBXFileReference; lastKnownFileType = sourcecode.c.h; path = InputParametersView.h; sourceTree = "<group>"; };
		E26B2DBD249208420049DE7C /* InputParametersView.m */ = {isa = PBXFileReference; lastKnownFileType = sourcecode.c.objc; path = InputParametersView.m; sourceTree = "<group>"; };
		E26B2DC124920E8C0049DE7C /* InputStyleCell.h */ = {isa = PBXFileReference; lastKnownFileType = sourcecode.c.h; path = InputStyleCell.h; sourceTree = "<group>"; };
		E26B2DC224920E8C0049DE7C /* InputStyleCell.m */ = {isa = PBXFileReference; lastKnownFileType = sourcecode.c.objc; path = InputStyleCell.m; sourceTree = "<group>"; };
		E26B2DC424925E1E0049DE7C /* CGGeometry+Extension.h */ = {isa = PBXFileReference; lastKnownFileType = sourcecode.c.h; path = "CGGeometry+Extension.h"; sourceTree = "<group>"; };
		E2E27543248F68020006D924 /* iOSDrawPath.app */ = {isa = PBXFileReference; explicitFileType = wrapper.application; includeInIndex = 0; path = iOSDrawPath.app; sourceTree = BUILT_PRODUCTS_DIR; };
		E2E27546248F68020006D924 /* AppDelegate.h */ = {isa = PBXFileReference; lastKnownFileType = sourcecode.c.h; path = AppDelegate.h; sourceTree = "<group>"; };
		E2E27547248F68020006D924 /* AppDelegate.m */ = {isa = PBXFileReference; lastKnownFileType = sourcecode.c.objc; path = AppDelegate.m; sourceTree = "<group>"; };
		E2E27549248F68020006D924 /* SceneDelegate.h */ = {isa = PBXFileReference; lastKnownFileType = sourcecode.c.h; path = SceneDelegate.h; sourceTree = "<group>"; };
		E2E2754A248F68020006D924 /* SceneDelegate.m */ = {isa = PBXFileReference; lastKnownFileType = sourcecode.c.objc; path = SceneDelegate.m; sourceTree = "<group>"; };
		E2E2754C248F68020006D924 /* ViewController.h */ = {isa = PBXFileReference; lastKnownFileType = sourcecode.c.h; path = ViewController.h; sourceTree = "<group>"; };
		E2E2754D248F68020006D924 /* ViewController.m */ = {isa = PBXFileReference; lastKnownFileType = sourcecode.c.objc; path = ViewController.m; sourceTree = "<group>"; };
		E2E27550248F68020006D924 /* Base */ = {isa = PBXFileReference; lastKnownFileType = file.storyboard; name = Base; path = Base.lproj/Main.storyboard; sourceTree = "<group>"; };
		E2E27552248F68040006D924 /* Assets.xcassets */ = {isa = PBXFileReference; lastKnownFileType = folder.assetcatalog; path = Assets.xcassets; sourceTree = "<group>"; };
		E2E27555248F68040006D924 /* Base */ = {isa = PBXFileReference; lastKnownFileType = file.storyboard; name = Base; path = Base.lproj/LaunchScreen.storyboard; sourceTree = "<group>"; };
		E2E27557248F68040006D924 /* Info.plist */ = {isa = PBXFileReference; lastKnownFileType = text.plist.xml; path = Info.plist; sourceTree = "<group>"; };
		E2E27558248F68040006D924 /* main.m */ = {isa = PBXFileReference; lastKnownFileType = sourcecode.c.objc; path = main.m; sourceTree = "<group>"; };
		E2E2755E248F68050006D924 /* iOSDrawPathTests.xctest */ = {isa = PBXFileReference; explicitFileType = wrapper.cfbundle; includeInIndex = 0; path = iOSDrawPathTests.xctest; sourceTree = BUILT_PRODUCTS_DIR; };
		E2E27562248F68050006D924 /* iOSDrawPathTests.m */ = {isa = PBXFileReference; lastKnownFileType = sourcecode.c.objc; path = iOSDrawPathTests.m; sourceTree = "<group>"; };
		E2E27564248F68050006D924 /* Info.plist */ = {isa = PBXFileReference; lastKnownFileType = text.plist.xml; path = Info.plist; sourceTree = "<group>"; };
		E2E27569248F68050006D924 /* iOSDrawPathUITests.xctest */ = {isa = PBXFileReference; explicitFileType = wrapper.cfbundle; includeInIndex = 0; path = iOSDrawPathUITests.xctest; sourceTree = BUILT_PRODUCTS_DIR; };
		E2E2756D248F68050006D924 /* iOSDrawPathUITests.m */ = {isa = PBXFileReference; lastKnownFileType = sourcecode.c.objc; path = iOSDrawPathUITests.m; sourceTree = "<group>"; };
		E2E2756F248F68050006D924 /* Info.plist */ = {isa = PBXFileReference; lastKnownFileType = text.plist.xml; path = Info.plist; sourceTree = "<group>"; };
		E2E2757B248F68640006D924 /* SteeringWheel.h */ = {isa = PBXFileReference; lastKnownFileType = sourcecode.c.h; path = SteeringWheel.h; sourceTree = "<group>"; };
		E2E2757C248F68640006D924 /* SteeringWheel.m */ = {isa = PBXFileReference; lastKnownFileType = sourcecode.c.objc; path = SteeringWheel.m; sourceTree = "<group>"; };
		E2E2757F248F6E300006D924 /* MASCompositeConstraint.h */ = {isa = PBXFileReference; fileEncoding = 4; lastKnownFileType = sourcecode.c.h; path = MASCompositeConstraint.h; sourceTree = "<group>"; };
		E2E27580248F6E300006D924 /* NSLayoutConstraint+MASDebugAdditions.m */ = {isa = PBXFileReference; fileEncoding = 4; lastKnownFileType = sourcecode.c.objc; path = "NSLayoutConstraint+MASDebugAdditions.m"; sourceTree = "<group>"; };
		E2E27581248F6E300006D924 /* MASConstraint+Private.h */ = {isa = PBXFileReference; fileEncoding = 4; lastKnownFileType = sourcecode.c.h; path = "MASConstraint+Private.h"; sourceTree = "<group>"; };
		E2E27582248F6E300006D924 /* MASLayoutConstraint.h */ = {isa = PBXFileReference; fileEncoding = 4; lastKnownFileType = sourcecode.c.h; path = MASLayoutConstraint.h; sourceTree = "<group>"; };
		E2E27583248F6E300006D924 /* NSArray+MASShorthandAdditions.h */ = {isa = PBXFileReference; fileEncoding = 4; lastKnownFileType = sourcecode.c.h; path = "NSArray+MASShorthandAdditions.h"; sourceTree = "<group>"; };
		E2E27584248F6E300006D924 /* MASConstraintMaker.h */ = {isa = PBXFileReference; fileEncoding = 4; lastKnownFileType = sourcecode.c.h; path = MASConstraintMaker.h; sourceTree = "<group>"; };
		E2E27585248F6E300006D924 /* View+MASAdditions.h */ = {isa = PBXFileReference; fileEncoding = 4; lastKnownFileType = sourcecode.c.h; path = "View+MASAdditions.h"; sourceTree = "<group>"; };
		E2E27586248F6E300006D924 /* NSArray+MASAdditions.h */ = {isa = PBXFileReference; fileEncoding = 4; lastKnownFileType = sourcecode.c.h; path = "NSArray+MASAdditions.h"; sourceTree = "<group>"; };
		E2E27587248F6E300006D924 /* MASUtilities.h */ = {isa = PBXFileReference; fileEncoding = 4; lastKnownFileType = sourcecode.c.h; path = MASUtilities.h; sourceTree = "<group>"; };
		E2E27588248F6E300006D924 /* MASViewAttribute.h */ = {isa = PBXFileReference; fileEncoding = 4; lastKnownFileType = sourcecode.c.h; path = MASViewAttribute.h; sourceTree = "<group>"; };
		E2E27589248F6E300006D924 /* ViewController+MASAdditions.m */ = {isa = PBXFileReference; fileEncoding = 4; lastKnownFileType = sourcecode.c.objc; path = "ViewController+MASAdditions.m"; sourceTree = "<group>"; };
		E2E2758A248F6E300006D924 /* MASViewConstraint.h */ = {isa = PBXFileReference; fileEncoding = 4; lastKnownFileType = sourcecode.c.h; path = MASViewConstraint.h; sourceTree = "<group>"; };
		E2E2758B248F6E300006D924 /* MASConstraint.h */ = {isa = PBXFileReference; fileEncoding = 4; lastKnownFileType = sourcecode.c.h; path = MASConstraint.h; sourceTree = "<group>"; };
		E2E2758C248F6E300006D924 /* NSLayoutConstraint+MASDebugAdditions.h */ = {isa = PBXFileReference; fileEncoding = 4; lastKnownFileType = sourcecode.c.h; path = "NSLayoutConstraint+MASDebugAdditions.h"; sourceTree = "<group>"; };
		E2E2758D248F6E300006D924 /* MASCompositeConstraint.m */ = {isa = PBXFileReference; fileEncoding = 4; lastKnownFileType = sourcecode.c.objc; path = MASCompositeConstraint.m; sourceTree = "<group>"; };
		E2E2758E248F6E300006D924 /* MASConstraintMaker.m */ = {isa = PBXFileReference; fileEncoding = 4; lastKnownFileType = sourcecode.c.objc; path = MASConstraintMaker.m; sourceTree = "<group>"; };
		E2E2758F248F6E300006D924 /* MASLayoutConstraint.m */ = {isa = PBXFileReference; fileEncoding = 4; lastKnownFileType = sourcecode.c.objc; path = MASLayoutConstraint.m; sourceTree = "<group>"; };
		E2E27590248F6E300006D924 /* NSArray+MASAdditions.m */ = {isa = PBXFileReference; fileEncoding = 4; lastKnownFileType = sourcecode.c.objc; path = "NSArray+MASAdditions.m"; sourceTree = "<group>"; };
		E2E27591248F6E300006D924 /* View+MASAdditions.m */ = {isa = PBXFileReference; fileEncoding = 4; lastKnownFileType = sourcecode.c.objc; path = "View+MASAdditions.m"; sourceTree = "<group>"; };
		E2E27592248F6E300006D924 /* View+MASShorthandAdditions.h */ = {isa = PBXFileReference; fileEncoding = 4; lastKnownFileType = sourcecode.c.h; path = "View+MASShorthandAdditions.h"; sourceTree = "<group>"; };
		E2E27593248F6E300006D924 /* Masonry.h */ = {isa = PBXFileReference; fileEncoding = 4; lastKnownFileType = sourcecode.c.h; path = Masonry.h; sourceTree = "<group>"; };
		E2E27594248F6E300006D924 /* MASConstraint.m */ = {isa = PBXFileReference; fileEncoding = 4; lastKnownFileType = sourcecode.c.objc; path = MASConstraint.m; sourceTree = "<group>"; };
		E2E27595248F6E300006D924 /* ViewController+MASAdditions.h */ = {isa = PBXFileReference; fileEncoding = 4; lastKnownFileType = sourcecode.c.h; path = "ViewController+MASAdditions.h"; sourceTree = "<group>"; };
		E2E27596248F6E300006D924 /* MASViewConstraint.m */ = {isa = PBXFileReference; fileEncoding = 4; lastKnownFileType = sourcecode.c.objc; path = MASViewConstraint.m; sourceTree = "<group>"; };
		E2E27597248F6E300006D924 /* MASViewAttribute.m */ = {isa = PBXFileReference; fileEncoding = 4; lastKnownFileType = sourcecode.c.objc; path = MASViewAttribute.m; sourceTree = "<group>"; };
		E2E275A4248F74F20006D924 /* NSArray+MEME.m */ = {isa = PBXFileReference; fileEncoding = 4; lastKnownFileType = sourcecode.c.objc; path = "NSArray+MEME.m"; sourceTree = "<group>"; };
		E2E275A5248F74F20006D924 /* NSArray+MEME.h */ = {isa = PBXFileReference; fileEncoding = 4; lastKnownFileType = sourcecode.c.h; path = "NSArray+MEME.h"; sourceTree = "<group>"; };
		E2E275AB248F81530006D924 /* image.png */ = {isa = PBXFileReference; lastKnownFileType = image.png; path = image.png; sourceTree = "<group>"; };
/* End PBXFileReference section */

/* Begin PBXFrameworksBuildPhase section */
		E2E27540248F68020006D924 /* Frameworks */ = {
			isa = PBXFrameworksBuildPhase;
			buildActionMask = 2147483647;
			files = (
			);
			runOnlyForDeploymentPostprocessing = 0;
		};
		E2E2755B248F68050006D924 /* Frameworks */ = {
			isa = PBXFrameworksBuildPhase;
			buildActionMask = 2147483647;
			files = (
			);
			runOnlyForDeploymentPostprocessing = 0;
		};
		E2E27566248F68050006D924 /* Frameworks */ = {
			isa = PBXFrameworksBuildPhase;
			buildActionMask = 2147483647;
			files = (
			);
			runOnlyForDeploymentPostprocessing = 0;
		};
/* End PBXFrameworksBuildPhase section */

/* Begin PBXGroup section */
		E240D63024934326009FD3F5 /* Extensions */ = {
			isa = PBXGroup;
			children = (
				E2E275A5248F74F20006D924 /* NSArray+MEME.h */,
				E2E275A4248F74F20006D924 /* NSArray+MEME.m */,
				E26B2DC424925E1E0049DE7C /* CGGeometry+Extension.h */,
			);
			path = Extensions;
			sourceTree = "<group>";
		};
		E240D6312493433A009FD3F5 /* Custom Views */ = {
			isa = PBXGroup;
			children = (
				E2E2757B248F68640006D924 /* SteeringWheel.h */,
				E2E2757C248F68640006D924 /* SteeringWheel.m */,
				E26B2DBC249208420049DE7C /* InputParametersView.h */,
				E26B2DBD249208420049DE7C /* InputParametersView.m */,
				E26B2DC124920E8C0049DE7C /* InputStyleCell.h */,
				E26B2DC224920E8C0049DE7C /* InputStyleCell.m */,
			);
			path = "Custom Views";
			sourceTree = "<group>";
		};
		E240D6322493434A009FD3F5 /* Helper */ = {
			isa = PBXGroup;
			children = (
				E26B2DB92491C0630049DE7C /* iOSDrawPath-Bridging-Header.h */,
			);
			path = Helper;
			sourceTree = "<group>";
		};
		E240D63324934360009FD3F5 /* Resources */ = {
			isa = PBXGroup;
			children = (
				E2E275AB248F81530006D924 /* image.png */,
			);
			path = Resources;
			sourceTree = "<group>";
		};
		E2E2753A248F68020006D924 = {
			isa = PBXGroup;
			children = (
				E2E27545248F68020006D924 /* iOSDrawPath */,
				E2E27561248F68050006D924 /* iOSDrawPathTests */,
				E2E2756C248F68050006D924 /* iOSDrawPathUITests */,
				E2E27544248F68020006D924 /* Products */,
			);
			sourceTree = "<group>";
		};
		E2E27544248F68020006D924 /* Products */ = {
			isa = PBXGroup;
			children = (
				E2E27543248F68020006D924 /* iOSDrawPath.app */,
				E2E2755E248F68050006D924 /* iOSDrawPathTests.xctest */,
				E2E27569248F68050006D924 /* iOSDrawPathUITests.xctest */,
			);
			name = Products;
			sourceTree = "<group>";
		};
		E2E27545248F68020006D924 /* iOSDrawPath */ = {
			isa = PBXGroup;
			children = (
				E2E27546248F68020006D924 /* AppDelegate.h */,
				E2E27547248F68020006D924 /* AppDelegate.m */,
				E2E27549248F68020006D924 /* SceneDelegate.h */,
				E2E2754A248F68020006D924 /* SceneDelegate.m */,
				E2E2754C248F68020006D924 /* ViewController.h */,
				E2E2754D248F68020006D924 /* ViewController.m */,
				E2E2754F248F68020006D924 /* Main.storyboard */,
				E2E27552248F68040006D924 /* Assets.xcassets */,
				E2E27554248F68040006D924 /* LaunchScreen.storyboard */,
				E2E27557248F68040006D924 /* Info.plist */,
				E2E27558248F68040006D924 /* main.m */,
				E240D6312493433A009FD3F5 /* Custom Views */,
				E240D6322493434A009FD3F5 /* Helper */,
				E240D63024934326009FD3F5 /* Extensions */,
				E240D63324934360009FD3F5 /* Resources */,
				E2E2757E248F6E300006D924 /* Masonry */,
			);
			path = iOSDrawPath;
			sourceTree = "<group>";
		};
		E2E27561248F68050006D924 /* iOSDrawPathTests */ = {
			isa = PBXGroup;
			children = (
				E2E27562248F68050006D924 /* iOSDrawPathTests.m */,
				E2E27564248F68050006D924 /* Info.plist */,
			);
			path = iOSDrawPathTests;
			sourceTree = "<group>";
		};
		E2E2756C248F68050006D924 /* iOSDrawPathUITests */ = {
			isa = PBXGroup;
			children = (
				E2E2756D248F68050006D924 /* iOSDrawPathUITests.m */,
				E2E2756F248F68050006D924 /* Info.plist */,
			);
			path = iOSDrawPathUITests;
			sourceTree = "<group>";
		};
		E2E2757E248F6E300006D924 /* Masonry */ = {
			isa = PBXGroup;
			children = (
				E2E2757F248F6E300006D924 /* MASCompositeConstraint.h */,
				E2E2758D248F6E300006D924 /* MASCompositeConstraint.m */,
				E2E2758B248F6E300006D924 /* MASConstraint.h */,
				E2E27594248F6E300006D924 /* MASConstraint.m */,
				E2E27581248F6E300006D924 /* MASConstraint+Private.h */,
				E2E27584248F6E300006D924 /* MASConstraintMaker.h */,
				E2E2758E248F6E300006D924 /* MASConstraintMaker.m */,
				E2E27582248F6E300006D924 /* MASLayoutConstraint.h */,
				E2E2758F248F6E300006D924 /* MASLayoutConstraint.m */,
				E2E27593248F6E300006D924 /* Masonry.h */,
				E2E27587248F6E300006D924 /* MASUtilities.h */,
				E2E27588248F6E300006D924 /* MASViewAttribute.h */,
				E2E27597248F6E300006D924 /* MASViewAttribute.m */,
				E2E2758A248F6E300006D924 /* MASViewConstraint.h */,
				E2E27596248F6E300006D924 /* MASViewConstraint.m */,
				E2E27586248F6E300006D924 /* NSArray+MASAdditions.h */,
				E2E27590248F6E300006D924 /* NSArray+MASAdditions.m */,
				E2E27583248F6E300006D924 /* NSArray+MASShorthandAdditions.h */,
				E2E2758C248F6E300006D924 /* NSLayoutConstraint+MASDebugAdditions.h */,
				E2E27580248F6E300006D924 /* NSLayoutConstraint+MASDebugAdditions.m */,
				E2E27585248F6E300006D924 /* View+MASAdditions.h */,
				E2E27591248F6E300006D924 /* View+MASAdditions.m */,
				E2E27592248F6E300006D924 /* View+MASShorthandAdditions.h */,
				E2E27595248F6E300006D924 /* ViewController+MASAdditions.h */,
				E2E27589248F6E300006D924 /* ViewController+MASAdditions.m */,
			);
			path = Masonry;
			sourceTree = "<group>";
		};
/* End PBXGroup section */

/* Begin PBXNativeTarget section */
		E2E27542248F68020006D924 /* iOSDrawPath */ = {
			isa = PBXNativeTarget;
			buildConfigurationList = E2E27572248F68050006D924 /* Build configuration list for PBXNativeTarget "iOSDrawPath" */;
			buildPhases = (
				E2E2753F248F68020006D924 /* Sources */,
				E2E27540248F68020006D924 /* Frameworks */,
				E2E27541248F68020006D924 /* Resources */,
			);
			buildRules = (
			);
			dependencies = (
			);
			name = iOSDrawPath;
			productName = iOSDrawPath;
			productReference = E2E27543248F68020006D924 /* iOSDrawPath.app */;
			productType = "com.apple.product-type.application";
		};
		E2E2755D248F68050006D924 /* iOSDrawPathTests */ = {
			isa = PBXNativeTarget;
			buildConfigurationList = E2E27575248F68050006D924 /* Build configuration list for PBXNativeTarget "iOSDrawPathTests" */;
			buildPhases = (
				E2E2755A248F68050006D924 /* Sources */,
				E2E2755B248F68050006D924 /* Frameworks */,
				E2E2755C248F68050006D924 /* Resources */,
			);
			buildRules = (
			);
			dependencies = (
				E2E27560248F68050006D924 /* PBXTargetDependency */,
			);
			name = iOSDrawPathTests;
			productName = iOSDrawPathTests;
			productReference = E2E2755E248F68050006D924 /* iOSDrawPathTests.xctest */;
			productType = "com.apple.product-type.bundle.unit-test";
		};
		E2E27568248F68050006D924 /* iOSDrawPathUITests */ = {
			isa = PBXNativeTarget;
			buildConfigurationList = E2E27578248F68050006D924 /* Build configuration list for PBXNativeTarget "iOSDrawPathUITests" */;
			buildPhases = (
				E2E27565248F68050006D924 /* Sources */,
				E2E27566248F68050006D924 /* Frameworks */,
				E2E27567248F68050006D924 /* Resources */,
			);
			buildRules = (
			);
			dependencies = (
				E2E2756B248F68050006D924 /* PBXTargetDependency */,
			);
			name = iOSDrawPathUITests;
			productName = iOSDrawPathUITests;
			productReference = E2E27569248F68050006D924 /* iOSDrawPathUITests.xctest */;
			productType = "com.apple.product-type.bundle.ui-testing";
		};
/* End PBXNativeTarget section */

/* Begin PBXProject section */
		E2E2753B248F68020006D924 /* Project object */ = {
			isa = PBXProject;
			attributes = {
				LastUpgradeCheck = 1150;
				ORGANIZATIONNAME = "Tongli Inc.";
				TargetAttributes = {
					E2E27542248F68020006D924 = {
						CreatedOnToolsVersion = 11.5;
						LastSwiftMigration = 1150;
					};
					E2E2755D248F68050006D924 = {
						CreatedOnToolsVersion = 11.5;
						TestTargetID = E2E27542248F68020006D924;
					};
					E2E27568248F68050006D924 = {
						CreatedOnToolsVersion = 11.5;
						TestTargetID = E2E27542248F68020006D924;
					};
				};
			};
			buildConfigurationList = E2E2753E248F68020006D924 /* Build configuration list for PBXProject "iOSDrawPath" */;
			compatibilityVersion = "Xcode 9.3";
			developmentRegion = en;
			hasScannedForEncodings = 0;
			knownRegions = (
				en,
				Base,
			);
			mainGroup = E2E2753A248F68020006D924;
			productRefGroup = E2E27544248F68020006D924 /* Products */;
			projectDirPath = "";
			projectRoot = "";
			targets = (
				E2E27542248F68020006D924 /* iOSDrawPath */,
				E2E2755D248F68050006D924 /* iOSDrawPathTests */,
				E2E27568248F68050006D924 /* iOSDrawPathUITests */,
			);
		};
/* End PBXProject section */

/* Begin PBXResourcesBuildPhase section */
		E2E27541248F68020006D924 /* Resources */ = {
			isa = PBXResourcesBuildPhase;
			buildActionMask = 2147483647;
			files = (
				E2E27556248F68040006D924 /* LaunchScreen.storyboard in Resources */,
				E2E27553248F68040006D924 /* Assets.xcassets in Resources */,
				E2E27551248F68020006D924 /* Main.storyboard in Resources */,
				E2E275AC248F81530006D924 /* image.png in Resources */,
			);
			runOnlyForDeploymentPostprocessing = 0;
		};
		E2E2755C248F68050006D924 /* Resources */ = {
			isa = PBXResourcesBuildPhase;
			buildActionMask = 2147483647;
			files = (
			);
			runOnlyForDeploymentPostprocessing = 0;
		};
		E2E27567248F68050006D924 /* Resources */ = {
			isa = PBXResourcesBuildPhase;
			buildActionMask = 2147483647;
			files = (
			);
			runOnlyForDeploymentPostprocessing = 0;
		};
/* End PBXResourcesBuildPhase section */

/* Begin PBXSourcesBuildPhase section */
		E2E2753F248F68020006D924 /* Sources */ = {
			isa = PBXSourcesBuildPhase;
			buildActionMask = 2147483647;
			files = (
				E2E2757D248F68640006D924 /* SteeringWheel.m in Sources */,
				E2E2754E248F68020006D924 /* ViewController.m in Sources */,
				E2E2759D248F6E300006D924 /* MASLayoutConstraint.m in Sources */,
				E2E27548248F68020006D924 /* AppDelegate.m in Sources */,
				E2E27559248F68040006D924 /* main.m in Sources */,
				E2E275A2248F6E300006D924 /* MASViewAttribute.m in Sources */,
				E2E2759E248F6E300006D924 /* NSArray+MASAdditions.m in Sources */,
				E2E2759B248F6E300006D924 /* MASCompositeConstraint.m in Sources */,
				E2E275A6248F74F20006D924 /* NSArray+MEME.m in Sources */,
				E2E2759C248F6E300006D924 /* MASConstraintMaker.m in Sources */,
				E26B2DC324920E8C0049DE7C /* InputStyleCell.m in Sources */,
				E2E2759F248F6E300006D924 /* View+MASAdditions.m in Sources */,
				E2E2759A248F6E300006D924 /* ViewController+MASAdditions.m in Sources */,
				E26B2DBE249208420049DE7C /* InputParametersView.m in Sources */,
				E2E2754B248F68020006D924 /* SceneDelegate.m in Sources */,
				E2E275A1248F6E300006D924 /* MASViewConstraint.m in Sources */,
				E2E27599248F6E300006D924 /* NSLayoutConstraint+MASDebugAdditions.m in Sources */,
				E2E275A0248F6E300006D924 /* MASConstraint.m in Sources */,
			);
			runOnlyForDeploymentPostprocessing = 0;
		};
		E2E2755A248F68050006D924 /* Sources */ = {
			isa = PBXSourcesBuildPhase;
			buildActionMask = 2147483647;
			files = (
				E2E27563248F68050006D924 /* iOSDrawPathTests.m in Sources */,
			);
			runOnlyForDeploymentPostprocessing = 0;
		};
		E2E27565248F68050006D924 /* Sources */ = {
			isa = PBXSourcesBuildPhase;
			buildActionMask = 2147483647;
			files = (
				E2E2756E248F68050006D924 /* iOSDrawPathUITests.m in Sources */,
			);
			runOnlyForDeploymentPostprocessing = 0;
		};
/* End PBXSourcesBuildPhase section */

/* Begin PBXTargetDependency section */
		E2E27560248F68050006D924 /* PBXTargetDependency */ = {
			isa = PBXTargetDependency;
			target = E2E27542248F68020006D924 /* iOSDrawPath */;
			targetProxy = E2E2755F248F68050006D924 /* PBXContainerItemProxy */;
		};
		E2E2756B248F68050006D924 /* PBXTargetDependency */ = {
			isa = PBXTargetDependency;
			target = E2E27542248F68020006D924 /* iOSDrawPath */;
			targetProxy = E2E2756A248F68050006D924 /* PBXContainerItemProxy */;
		};
/* End PBXTargetDependency section */

/* Begin PBXVariantGroup section */
		E2E2754F248F68020006D924 /* Main.storyboard */ = {
			isa = PBXVariantGroup;
			children = (
				E2E27550248F68020006D924 /* Base */,
			);
			name = Main.storyboard;
			sourceTree = "<group>";
		};
		E2E27554248F68040006D924 /* LaunchScreen.storyboard */ = {
			isa = PBXVariantGroup;
			children = (
				E2E27555248F68040006D924 /* Base */,
			);
			name = LaunchScreen.storyboard;
			sourceTree = "<group>";
		};
/* End PBXVariantGroup section */

/* Begin XCBuildConfiguration section */
		E2E27570248F68050006D924 /* Debug */ = {
			isa = XCBuildConfiguration;
			buildSettings = {
				ALWAYS_SEARCH_USER_PATHS = NO;
				CLANG_ANALYZER_NONNULL = YES;
				CLANG_ANALYZER_NUMBER_OBJECT_CONVERSION = YES_AGGRESSIVE;
				CLANG_CXX_LANGUAGE_STANDARD = "gnu++14";
				CLANG_CXX_LIBRARY = "libc++";
				CLANG_ENABLE_MODULES = YES;
				CLANG_ENABLE_OBJC_ARC = YES;
				CLANG_ENABLE_OBJC_WEAK = YES;
				CLANG_WARN_BLOCK_CAPTURE_AUTORELEASING = YES;
				CLANG_WARN_BOOL_CONVERSION = YES;
				CLANG_WARN_COMMA = YES;
				CLANG_WARN_CONSTANT_CONVERSION = YES;
				CLANG_WARN_DEPRECATED_OBJC_IMPLEMENTATIONS = YES;
				CLANG_WARN_DIRECT_OBJC_ISA_USAGE = YES_ERROR;
				CLANG_WARN_DOCUMENTATION_COMMENTS = YES;
				CLANG_WARN_EMPTY_BODY = YES;
				CLANG_WARN_ENUM_CONVERSION = YES;
				CLANG_WARN_INFINITE_RECURSION = YES;
				CLANG_WARN_INT_CONVERSION = YES;
				CLANG_WARN_NON_LITERAL_NULL_CONVERSION = YES;
				CLANG_WARN_OBJC_IMPLICIT_RETAIN_SELF = YES;
				CLANG_WARN_OBJC_LITERAL_CONVERSION = YES;
				CLANG_WARN_OBJC_ROOT_CLASS = YES_ERROR;
				CLANG_WARN_RANGE_LOOP_ANALYSIS = YES;
				CLANG_WARN_STRICT_PROTOTYPES = YES;
				CLANG_WARN_SUSPICIOUS_MOVE = YES;
				CLANG_WARN_UNGUARDED_AVAILABILITY = YES_AGGRESSIVE;
				CLANG_WARN_UNREACHABLE_CODE = YES;
				CLANG_WARN__DUPLICATE_METHOD_MATCH = YES;
				COPY_PHASE_STRIP = NO;
				DEBUG_INFORMATION_FORMAT = dwarf;
				ENABLE_STRICT_OBJC_MSGSEND = YES;
				ENABLE_TESTABILITY = YES;
				GCC_C_LANGUAGE_STANDARD = gnu11;
				GCC_DYNAMIC_NO_PIC = NO;
				GCC_NO_COMMON_BLOCKS = YES;
				GCC_OPTIMIZATION_LEVEL = 0;
				GCC_PREPROCESSOR_DEFINITIONS = (
					"DEBUG=1",
					"$(inherited)",
				);
				GCC_WARN_64_TO_32_BIT_CONVERSION = YES;
				GCC_WARN_ABOUT_RETURN_TYPE = YES_ERROR;
				GCC_WARN_UNDECLARED_SELECTOR = YES;
				GCC_WARN_UNINITIALIZED_AUTOS = YES_AGGRESSIVE;
				GCC_WARN_UNUSED_FUNCTION = YES;
				GCC_WARN_UNUSED_VARIABLE = YES;
				IPHONEOS_DEPLOYMENT_TARGET = 13.5;
				MTL_ENABLE_DEBUG_INFO = INCLUDE_SOURCE;
				MTL_FAST_MATH = YES;
				ONLY_ACTIVE_ARCH = YES;
				SDKROOT = iphoneos;
			};
			name = Debug;
		};
		E2E27571248F68050006D924 /* Release */ = {
			isa = XCBuildConfiguration;
			buildSettings = {
				ALWAYS_SEARCH_USER_PATHS = NO;
				CLANG_ANALYZER_NONNULL = YES;
				CLANG_ANALYZER_NUMBER_OBJECT_CONVERSION = YES_AGGRESSIVE;
				CLANG_CXX_LANGUAGE_STANDARD = "gnu++14";
				CLANG_CXX_LIBRARY = "libc++";
				CLANG_ENABLE_MODULES = YES;
				CLANG_ENABLE_OBJC_ARC = YES;
				CLANG_ENABLE_OBJC_WEAK = YES;
				CLANG_WARN_BLOCK_CAPTURE_AUTORELEASING = YES;
				CLANG_WARN_BOOL_CONVERSION = YES;
				CLANG_WARN_COMMA = YES;
				CLANG_WARN_CONSTANT_CONVERSION = YES;
				CLANG_WARN_DEPRECATED_OBJC_IMPLEMENTATIONS = YES;
				CLANG_WARN_DIRECT_OBJC_ISA_USAGE = YES_ERROR;
				CLANG_WARN_DOCUMENTATION_COMMENTS = YES;
				CLANG_WARN_EMPTY_BODY = YES;
				CLANG_WARN_ENUM_CONVERSION = YES;
				CLANG_WARN_INFINITE_RECURSION = YES;
				CLANG_WARN_INT_CONVERSION = YES;
				CLANG_WARN_NON_LITERAL_NULL_CONVERSION = YES;
				CLANG_WARN_OBJC_IMPLICIT_RETAIN_SELF = YES;
				CLANG_WARN_OBJC_LITERAL_CONVERSION = YES;
				CLANG_WARN_OBJC_ROOT_CLASS = YES_ERROR;
				CLANG_WARN_RANGE_LOOP_ANALYSIS = YES;
				CLANG_WARN_STRICT_PROTOTYPES = YES;
				CLANG_WARN_SUSPICIOUS_MOVE = YES;
				CLANG_WARN_UNGUARDED_AVAILABILITY = YES_AGGRESSIVE;
				CLANG_WARN_UNREACHABLE_CODE = YES;
				CLANG_WARN__DUPLICATE_METHOD_MATCH = YES;
				COPY_PHASE_STRIP = NO;
				DEBUG_INFORMATION_FORMAT = "dwarf-with-dsym";
				ENABLE_NS_ASSERTIONS = NO;
				ENABLE_STRICT_OBJC_MSGSEND = YES;
				GCC_C_LANGUAGE_STANDARD = gnu11;
				GCC_NO_COMMON_BLOCKS = YES;
				GCC_WARN_64_TO_32_BIT_CONVERSION = YES;
				GCC_WARN_ABOUT_RETURN_TYPE = YES_ERROR;
				GCC_WARN_UNDECLARED_SELECTOR = YES;
				GCC_WARN_UNINITIALIZED_AUTOS = YES_AGGRESSIVE;
				GCC_WARN_UNUSED_FUNCTION = YES;
				GCC_WARN_UNUSED_VARIABLE = YES;
				IPHONEOS_DEPLOYMENT_TARGET = 13.5;
				MTL_ENABLE_DEBUG_INFO = NO;
				MTL_FAST_MATH = YES;
				SDKROOT = iphoneos;
				VALIDATE_PRODUCT = YES;
			};
			name = Release;
		};
		E2E27573248F68050006D924 /* Debug */ = {
			isa = XCBuildConfiguration;
			buildSettings = {
				ASSETCATALOG_COMPILER_APPICON_NAME = AppIcon;
				CLANG_ENABLE_MODULES = YES;
				CODE_SIGN_STYLE = Automatic;
				DEVELOPMENT_TEAM = XWWNNK8A4D;
				INFOPLIST_FILE = iOSDrawPath/Info.plist;
				LD_RUNPATH_SEARCH_PATHS = (
					"$(inherited)",
					"@executable_path/Frameworks",
				);
				PRODUCT_BUNDLE_IDENTIFIER = com.tongli.iOSDrawPath;
				PRODUCT_NAME = "$(TARGET_NAME)";
				SWIFT_OBJC_BRIDGING_HEADER = "iOSDrawPath/iOSDrawPath-Bridging-Header.h";
				SWIFT_OPTIMIZATION_LEVEL = "-Onone";
				SWIFT_VERSION = 5.0;
				TARGETED_DEVICE_FAMILY = "1,2";
			};
			name = Debug;
		};
		E2E27574248F68050006D924 /* Release */ = {
			isa = XCBuildConfiguration;
			buildSettings = {
				ASSETCATALOG_COMPILER_APPICON_NAME = AppIcon;
				CLANG_ENABLE_MODULES = YES;
				CODE_SIGN_STYLE = Automatic;
				DEVELOPMENT_TEAM = XWWNNK8A4D;
				INFOPLIST_FILE = iOSDrawPath/Info.plist;
				LD_RUNPATH_SEARCH_PATHS = (
					"$(inherited)",
					"@executable_path/Frameworks",
				);
				PRODUCT_BUNDLE_IDENTIFIER = com.tongli.iOSDrawPath;
				PRODUCT_NAME = "$(TARGET_NAME)";
				SWIFT_OBJC_BRIDGING_HEADER = "iOSDrawPath/iOSDrawPath-Bridging-Header.h";
				SWIFT_VERSION = 5.0;
				TARGETED_DEVICE_FAMILY = "1,2";
			};
			name = Release;
		};
		E2E27576248F68050006D924 /* Debug */ = {
			isa = XCBuildConfiguration;
			buildSettings = {
				BUNDLE_LOADER = "$(TEST_HOST)";
				CODE_SIGN_STYLE = Automatic;
				DEVELOPMENT_TEAM = XWWNNK8A4D;
				INFOPLIST_FILE = iOSDrawPathTests/Info.plist;
				IPHONEOS_DEPLOYMENT_TARGET = 13.5;
				LD_RUNPATH_SEARCH_PATHS = (
					"$(inherited)",
					"@executable_path/Frameworks",
					"@loader_path/Frameworks",
				);
				PRODUCT_BUNDLE_IDENTIFIER = com.tongli.iOSDrawPathTests;
				PRODUCT_NAME = "$(TARGET_NAME)";
				TARGETED_DEVICE_FAMILY = "1,2";
				TEST_HOST = "$(BUILT_PRODUCTS_DIR)/iOSDrawPath.app/iOSDrawPath";
			};
			name = Debug;
		};
		E2E27577248F68050006D924 /* Release */ = {
			isa = XCBuildConfiguration;
			buildSettings = {
				BUNDLE_LOADER = "$(TEST_HOST)";
				CODE_SIGN_STYLE = Automatic;
				DEVELOPMENT_TEAM = XWWNNK8A4D;
				INFOPLIST_FILE = iOSDrawPathTests/Info.plist;
				IPHONEOS_DEPLOYMENT_TARGET = 13.5;
				LD_RUNPATH_SEARCH_PATHS = (
					"$(inherited)",
					"@executable_path/Frameworks",
					"@loader_path/Frameworks",
				);
				PRODUCT_BUNDLE_IDENTIFIER = com.tongli.iOSDrawPathTests;
				PRODUCT_NAME = "$(TARGET_NAME)";
				TARGETED_DEVICE_FAMILY = "1,2";
				TEST_HOST = "$(BUILT_PRODUCTS_DIR)/iOSDrawPath.app/iOSDrawPath";
			};
			name = Release;
		};
		E2E27579248F68050006D924 /* Debug */ = {
			isa = XCBuildConfiguration;
			buildSettings = {
				CODE_SIGN_STYLE = Automatic;
				DEVELOPMENT_TEAM = XWWNNK8A4D;
				INFOPLIST_FILE = iOSDrawPathUITests/Info.plist;
				LD_RUNPATH_SEARCH_PATHS = (
					"$(inherited)",
					"@executable_path/Frameworks",
					"@loader_path/Frameworks",
				);
				PRODUCT_BUNDLE_IDENTIFIER = com.tongli.iOSDrawPathUITests;
				PRODUCT_NAME = "$(TARGET_NAME)";
				TARGETED_DEVICE_FAMILY = "1,2";
				TEST_TARGET_NAME = iOSDrawPath;
			};
			name = Debug;
		};
		E2E2757A248F68050006D924 /* Release */ = {
			isa = XCBuildConfiguration;
			buildSettings = {
				CODE_SIGN_STYLE = Automatic;
				DEVELOPMENT_TEAM = XWWNNK8A4D;
				INFOPLIST_FILE = iOSDrawPathUITests/Info.plist;
				LD_RUNPATH_SEARCH_PATHS = (
					"$(inherited)",
					"@executable_path/Frameworks",
					"@loader_path/Frameworks",
				);
				PRODUCT_BUNDLE_IDENTIFIER = com.tongli.iOSDrawPathUITests;
				PRODUCT_NAME = "$(TARGET_NAME)";
				TARGETED_DEVICE_FAMILY = "1,2";
				TEST_TARGET_NAME = iOSDrawPath;
			};
			name = Release;
		};
/* End XCBuildConfiguration section */

/* Begin XCConfigurationList section */
		E2E2753E248F68020006D924 /* Build configuration list for PBXProject "iOSDrawPath" */ = {
			isa = XCConfigurationList;
			buildConfigurations = (
				E2E27570248F68050006D924 /* Debug */,
				E2E27571248F68050006D924 /* Release */,
			);
			defaultConfigurationIsVisible = 0;
			defaultConfigurationName = Release;
		};
		E2E27572248F68050006D924 /* Build configuration list for PBXNativeTarget "iOSDrawPath" */ = {
			isa = XCConfigurationList;
			buildConfigurations = (
				E2E27573248F68050006D924 /* Debug */,
				E2E27574248F68050006D924 /* Release */,
			);
			defaultConfigurationIsVisible = 0;
			defaultConfigurationName = Release;
		};
		E2E27575248F68050006D924 /* Build configuration list for PBXNativeTarget "iOSDrawPathTests" */ = {
			isa = XCConfigurationList;
			buildConfigurations = (
				E2E27576248F68050006D924 /* Debug */,
				E2E27577248F68050006D924 /* Release */,
			);
			defaultConfigurationIsVisible = 0;
			defaultConfigurationName = Release;
		};
		E2E27578248F68050006D924 /* Build configuration list for PBXNativeTarget "iOSDrawPathUITests" */ = {
			isa = XCConfigurationList;
			buildConfigurations = (
				E2E27579248F68050006D924 /* Debug */,
				E2E2757A248F68050006D924 /* Release */,
			);
			defaultConfigurationIsVisible = 0;
			defaultConfigurationName = Release;
		};
/* End XCConfigurationList section */
	};
	rootObject = E2E2753B248F68020006D924 /* Project object */;
}
